
Microsoft Visual Studio Solution File, Format Version 12.00
# Visual Studio 15
VisualStudioVersion = 15.0.26124.0
MinimumVisualStudioVersion = 15.0.26124.0
Project("{2150E333-8FDC-42A3-9474-1A3956D46DE8}") = "src", "src", "{FAD541CB-A46C-4617-B8B1-2E095DE9CE10}"
EndProject
Project("{FAE04EC0-301F-11D3-BF4B-00C04F79EFBC}") = "ACE.Common", "src\ACE.Common\ACE.Common.csproj", "{0F909AEF-FF31-442F-BD8B-31B613B66055}"
EndProject
Project("{FAE04EC0-301F-11D3-BF4B-00C04F79EFBC}") = "ACE.DatLoader", "src\ACE.DatLoader\ACE.DatLoader.csproj", "{23FE493F-DE51-4842-81AB-46F25E83D4BF}"
EndProject
Project("{FAE04EC0-301F-11D3-BF4B-00C04F79EFBC}") = "ACE.Database", "src\ACE.Database\ACE.Database.csproj", "{C20144EF-BDEE-4D6F-B19B-B86AF7013617}"
EndProject
Project("{FAE04EC0-301F-11D3-BF4B-00C04F79EFBC}") = "ACE.Entity", "src\ACE.Entity\ACE.Entity.csproj", "{A5A0840A-AAB3-4673-B006-8E85D58FC112}"
EndProject
Project("{FAE04EC0-301F-11D3-BF4B-00C04F79EFBC}") = "ACE", "src\ACE\ACE.csproj", "{D9628EAF-12C7-402B-9A9C-BE8A06FC730E}"
EndProject
Project("{2150E333-8FDC-42A3-9474-1A3956D46DE8}") = "test", "test", "{E0D497BA-9298-48A9-AA27-B72AC739FA5A}"
EndProject
Project("{FAE04EC0-301F-11D3-BF4B-00C04F79EFBC}") = "ACE.Common.Tests", "test\ACE.Common.Tests\ACE.Common.Tests.csproj", "{6C838B07-873F-40EB-93E7-CF29013C4341}"
EndProject
Project("{FAE04EC0-301F-11D3-BF4B-00C04F79EFBC}") = "ACE.DatLoader.Tests", "test\ACE.DatLoader.Tests\ACE.DatLoader.Tests.csproj", "{34B74560-F99C-4034-885C-68C31BD9DF14}"
EndProject
Project("{FAE04EC0-301F-11D3-BF4B-00C04F79EFBC}") = "ACE.Database.Tests", "test\ACE.Database.Tests\ACE.Database.Tests.csproj", "{253988EA-9D6E-4EE4-818B-FEAA0CA3E9F6}"
EndProject
Project("{FAE04EC0-301F-11D3-BF4B-00C04F79EFBC}") = "ACE.Entity.Tests", "test\ACE.Entity.Tests\ACE.Entity.Tests.csproj", "{230B3BEA-07D6-44BB-BF7F-EF284FF68D00}"
EndProject
Project("{FAE04EC0-301F-11D3-BF4B-00C04F79EFBC}") = "ACE.Tests", "test\ACE.Tests\ACE.Tests.csproj", "{94928516-F94F-4219-975B-0FF1B0A7F8C0}"
EndProject
Global
	GlobalSection(SolutionConfigurationPlatforms) = preSolution
		Debug|Any CPU = Debug|Any CPU
		Debug|x64 = Debug|x64
		Debug|x86 = Debug|x86
		Release|Any CPU = Release|Any CPU
		Release|x64 = Release|x64
		Release|x86 = Release|x86
	EndGlobalSection
	GlobalSection(SolutionProperties) = preSolution
		HideSolutionNode = FALSE
	EndGlobalSection
	GlobalSection(ProjectConfigurationPlatforms) = postSolution
		{0F909AEF-FF31-442F-BD8B-31B613B66055}.Debug|Any CPU.ActiveCfg = Debug|Any CPU
		{0F909AEF-FF31-442F-BD8B-31B613B66055}.Debug|Any CPU.Build.0 = Debug|Any CPU
		{0F909AEF-FF31-442F-BD8B-31B613B66055}.Debug|x64.ActiveCfg = Debug|x64
		{0F909AEF-FF31-442F-BD8B-31B613B66055}.Debug|x64.Build.0 = Debug|x64
		{0F909AEF-FF31-442F-BD8B-31B613B66055}.Debug|x86.ActiveCfg = Debug|x86
		{0F909AEF-FF31-442F-BD8B-31B613B66055}.Debug|x86.Build.0 = Debug|x86
		{0F909AEF-FF31-442F-BD8B-31B613B66055}.Release|Any CPU.ActiveCfg = Release|Any CPU
		{0F909AEF-FF31-442F-BD8B-31B613B66055}.Release|Any CPU.Build.0 = Release|Any CPU
		{0F909AEF-FF31-442F-BD8B-31B613B66055}.Release|x64.ActiveCfg = Release|x64
		{0F909AEF-FF31-442F-BD8B-31B613B66055}.Release|x64.Build.0 = Release|x64
		{0F909AEF-FF31-442F-BD8B-31B613B66055}.Release|x86.ActiveCfg = Release|x86
		{0F909AEF-FF31-442F-BD8B-31B613B66055}.Release|x86.Build.0 = Release|x86
		{23FE493F-DE51-4842-81AB-46F25E83D4BF}.Debug|Any CPU.ActiveCfg = Debug|Any CPU
		{23FE493F-DE51-4842-81AB-46F25E83D4BF}.Debug|Any CPU.Build.0 = Debug|Any CPU
		{23FE493F-DE51-4842-81AB-46F25E83D4BF}.Debug|x64.ActiveCfg = Debug|x64
		{23FE493F-DE51-4842-81AB-46F25E83D4BF}.Debug|x64.Build.0 = Debug|x64
		{23FE493F-DE51-4842-81AB-46F25E83D4BF}.Debug|x86.ActiveCfg = Debug|x86
		{23FE493F-DE51-4842-81AB-46F25E83D4BF}.Debug|x86.Build.0 = Debug|x86
		{23FE493F-DE51-4842-81AB-46F25E83D4BF}.Release|Any CPU.ActiveCfg = Release|Any CPU
		{23FE493F-DE51-4842-81AB-46F25E83D4BF}.Release|Any CPU.Build.0 = Release|Any CPU
		{23FE493F-DE51-4842-81AB-46F25E83D4BF}.Release|x64.ActiveCfg = Release|x64
		{23FE493F-DE51-4842-81AB-46F25E83D4BF}.Release|x64.Build.0 = Release|x64
		{23FE493F-DE51-4842-81AB-46F25E83D4BF}.Release|x86.ActiveCfg = Release|x86
		{23FE493F-DE51-4842-81AB-46F25E83D4BF}.Release|x86.Build.0 = Release|x86
		{C20144EF-BDEE-4D6F-B19B-B86AF7013617}.Debug|Any CPU.ActiveCfg = Debug|Any CPU
		{C20144EF-BDEE-4D6F-B19B-B86AF7013617}.Debug|Any CPU.Build.0 = Debug|Any CPU
		{C20144EF-BDEE-4D6F-B19B-B86AF7013617}.Debug|x64.ActiveCfg = Debug|x64
		{C20144EF-BDEE-4D6F-B19B-B86AF7013617}.Debug|x64.Build.0 = Debug|x64
		{C20144EF-BDEE-4D6F-B19B-B86AF7013617}.Debug|x86.ActiveCfg = Debug|x86
		{C20144EF-BDEE-4D6F-B19B-B86AF7013617}.Debug|x86.Build.0 = Debug|x86
		{C20144EF-BDEE-4D6F-B19B-B86AF7013617}.Release|Any CPU.ActiveCfg = Release|Any CPU
		{C20144EF-BDEE-4D6F-B19B-B86AF7013617}.Release|Any CPU.Build.0 = Release|Any CPU
		{C20144EF-BDEE-4D6F-B19B-B86AF7013617}.Release|x64.ActiveCfg = Release|x64
		{C20144EF-BDEE-4D6F-B19B-B86AF7013617}.Release|x64.Build.0 = Release|x64
		{C20144EF-BDEE-4D6F-B19B-B86AF7013617}.Release|x86.ActiveCfg = Release|x86
		{C20144EF-BDEE-4D6F-B19B-B86AF7013617}.Release|x86.Build.0 = Release|x86
		{A5A0840A-AAB3-4673-B006-8E85D58FC112}.Debug|Any CPU.ActiveCfg = Debug|Any CPU
		{A5A0840A-AAB3-4673-B006-8E85D58FC112}.Debug|Any CPU.Build.0 = Debug|Any CPU
		{A5A0840A-AAB3-4673-B006-8E85D58FC112}.Debug|x64.ActiveCfg = Debug|x64
		{A5A0840A-AAB3-4673-B006-8E85D58FC112}.Debug|x64.Build.0 = Debug|x64
		{A5A0840A-AAB3-4673-B006-8E85D58FC112}.Debug|x86.ActiveCfg = Debug|x86
		{A5A0840A-AAB3-4673-B006-8E85D58FC112}.Debug|x86.Build.0 = Debug|x86
		{A5A0840A-AAB3-4673-B006-8E85D58FC112}.Release|Any CPU.ActiveCfg = Release|Any CPU
		{A5A0840A-AAB3-4673-B006-8E85D58FC112}.Release|Any CPU.Build.0 = Release|Any CPU
		{A5A0840A-AAB3-4673-B006-8E85D58FC112}.Release|x64.ActiveCfg = Release|x64
		{A5A0840A-AAB3-4673-B006-8E85D58FC112}.Release|x64.Build.0 = Release|x64
		{A5A0840A-AAB3-4673-B006-8E85D58FC112}.Release|x86.ActiveCfg = Release|x86
		{A5A0840A-AAB3-4673-B006-8E85D58FC112}.Release|x86.Build.0 = Release|x86
		{D9628EAF-12C7-402B-9A9C-BE8A06FC730E}.Debug|Any CPU.ActiveCfg = Debug|Any CPU
		{D9628EAF-12C7-402B-9A9C-BE8A06FC730E}.Debug|Any CPU.Build.0 = Debug|Any CPU
		{D9628EAF-12C7-402B-9A9C-BE8A06FC730E}.Debug|x64.ActiveCfg = Debug|x64
		{D9628EAF-12C7-402B-9A9C-BE8A06FC730E}.Debug|x64.Build.0 = Debug|x64
		{D9628EAF-12C7-402B-9A9C-BE8A06FC730E}.Debug|x86.ActiveCfg = Debug|x86
		{D9628EAF-12C7-402B-9A9C-BE8A06FC730E}.Debug|x86.Build.0 = Debug|x86
		{D9628EAF-12C7-402B-9A9C-BE8A06FC730E}.Release|Any CPU.ActiveCfg = Release|Any CPU
		{D9628EAF-12C7-402B-9A9C-BE8A06FC730E}.Release|Any CPU.Build.0 = Release|Any CPU
		{D9628EAF-12C7-402B-9A9C-BE8A06FC730E}.Release|x64.ActiveCfg = Release|x64
		{D9628EAF-12C7-402B-9A9C-BE8A06FC730E}.Release|x64.Build.0 = Release|x64
		{D9628EAF-12C7-402B-9A9C-BE8A06FC730E}.Release|x86.ActiveCfg = Release|x86
		{D9628EAF-12C7-402B-9A9C-BE8A06FC730E}.Release|x86.Build.0 = Release|x86
		{6C838B07-873F-40EB-93E7-CF29013C4341}.Debug|Any CPU.ActiveCfg = Debug|Any CPU
		{6C838B07-873F-40EB-93E7-CF29013C4341}.Debug|Any CPU.Build.0 = Debug|Any CPU
		{6C838B07-873F-40EB-93E7-CF29013C4341}.Debug|x64.ActiveCfg = Debug|x64
		{6C838B07-873F-40EB-93E7-CF29013C4341}.Debug|x64.Build.0 = Debug|x64
		{6C838B07-873F-40EB-93E7-CF29013C4341}.Debug|x86.ActiveCfg = Debug|x86
		{6C838B07-873F-40EB-93E7-CF29013C4341}.Debug|x86.Build.0 = Debug|x86
		{6C838B07-873F-40EB-93E7-CF29013C4341}.Release|Any CPU.ActiveCfg = Release|Any CPU
		{6C838B07-873F-40EB-93E7-CF29013C4341}.Release|Any CPU.Build.0 = Release|Any CPU
		{6C838B07-873F-40EB-93E7-CF29013C4341}.Release|x64.ActiveCfg = Release|x64
		{6C838B07-873F-40EB-93E7-CF29013C4341}.Release|x64.Build.0 = Release|x64
		{6C838B07-873F-40EB-93E7-CF29013C4341}.Release|x86.ActiveCfg = Release|x86
		{6C838B07-873F-40EB-93E7-CF29013C4341}.Release|x86.Build.0 = Release|x86
		{34B74560-F99C-4034-885C-68C31BD9DF14}.Debug|Any CPU.ActiveCfg = Debug|Any CPU
		{34B74560-F99C-4034-885C-68C31BD9DF14}.Debug|Any CPU.Build.0 = Debug|Any CPU
		{34B74560-F99C-4034-885C-68C31BD9DF14}.Debug|x64.ActiveCfg = Debug|x64
		{34B74560-F99C-4034-885C-68C31BD9DF14}.Debug|x64.Build.0 = Debug|x64
		{34B74560-F99C-4034-885C-68C31BD9DF14}.Debug|x86.ActiveCfg = Debug|x86
		{34B74560-F99C-4034-885C-68C31BD9DF14}.Debug|x86.Build.0 = Debug|x86
		{34B74560-F99C-4034-885C-68C31BD9DF14}.Release|Any CPU.ActiveCfg = Release|Any CPU
		{34B74560-F99C-4034-885C-68C31BD9DF14}.Release|Any CPU.Build.0 = Release|Any CPU
		{34B74560-F99C-4034-885C-68C31BD9DF14}.Release|x64.ActiveCfg = Release|x64
		{34B74560-F99C-4034-885C-68C31BD9DF14}.Release|x64.Build.0 = Release|x64
		{34B74560-F99C-4034-885C-68C31BD9DF14}.Release|x86.ActiveCfg = Release|x86
		{34B74560-F99C-4034-885C-68C31BD9DF14}.Release|x86.Build.0 = Release|x86
		{253988EA-9D6E-4EE4-818B-FEAA0CA3E9F6}.Debug|Any CPU.ActiveCfg = Debug|Any CPU
		{253988EA-9D6E-4EE4-818B-FEAA0CA3E9F6}.Debug|Any CPU.Build.0 = Debug|Any CPU
		{253988EA-9D6E-4EE4-818B-FEAA0CA3E9F6}.Debug|x64.ActiveCfg = Debug|x64
		{253988EA-9D6E-4EE4-818B-FEAA0CA3E9F6}.Debug|x64.Build.0 = Debug|x64
		{253988EA-9D6E-4EE4-818B-FEAA0CA3E9F6}.Debug|x86.ActiveCfg = Debug|x86
		{253988EA-9D6E-4EE4-818B-FEAA0CA3E9F6}.Debug|x86.Build.0 = Debug|x86
		{253988EA-9D6E-4EE4-818B-FEAA0CA3E9F6}.Release|Any CPU.ActiveCfg = Release|Any CPU
		{253988EA-9D6E-4EE4-818B-FEAA0CA3E9F6}.Release|Any CPU.Build.0 = Release|Any CPU
		{253988EA-9D6E-4EE4-818B-FEAA0CA3E9F6}.Release|x64.ActiveCfg = Release|x64
		{253988EA-9D6E-4EE4-818B-FEAA0CA3E9F6}.Release|x64.Build.0 = Release|x64
		{253988EA-9D6E-4EE4-818B-FEAA0CA3E9F6}.Release|x86.ActiveCfg = Release|x86
		{253988EA-9D6E-4EE4-818B-FEAA0CA3E9F6}.Release|x86.Build.0 = Release|x86
		{230B3BEA-07D6-44BB-BF7F-EF284FF68D00}.Debug|Any CPU.ActiveCfg = Debug|Any CPU
		{230B3BEA-07D6-44BB-BF7F-EF284FF68D00}.Debug|Any CPU.Build.0 = Debug|Any CPU
		{230B3BEA-07D6-44BB-BF7F-EF284FF68D00}.Debug|x64.ActiveCfg = Debug|x64
		{230B3BEA-07D6-44BB-BF7F-EF284FF68D00}.Debug|x64.Build.0 = Debug|x64
		{230B3BEA-07D6-44BB-BF7F-EF284FF68D00}.Debug|x86.ActiveCfg = Debug|x86
		{230B3BEA-07D6-44BB-BF7F-EF284FF68D00}.Debug|x86.Build.0 = Debug|x86
		{230B3BEA-07D6-44BB-BF7F-EF284FF68D00}.Release|Any CPU.ActiveCfg = Release|Any CPU
		{230B3BEA-07D6-44BB-BF7F-EF284FF68D00}.Release|Any CPU.Build.0 = Release|Any CPU
		{230B3BEA-07D6-44BB-BF7F-EF284FF68D00}.Release|x64.ActiveCfg = Release|x64
		{230B3BEA-07D6-44BB-BF7F-EF284FF68D00}.Release|x64.Build.0 = Release|x64
		{230B3BEA-07D6-44BB-BF7F-EF284FF68D00}.Release|x86.ActiveCfg = Release|x86
		{230B3BEA-07D6-44BB-BF7F-EF284FF68D00}.Release|x86.Build.0 = Release|x86
		{94928516-F94F-4219-975B-0FF1B0A7F8C0}.Debug|Any CPU.ActiveCfg = Debug|Any CPU
		{94928516-F94F-4219-975B-0FF1B0A7F8C0}.Debug|Any CPU.Build.0 = Debug|Any CPU
		{94928516-F94F-4219-975B-0FF1B0A7F8C0}.Debug|x64.ActiveCfg = Debug|x64
		{94928516-F94F-4219-975B-0FF1B0A7F8C0}.Debug|x64.Build.0 = Debug|x64
		{94928516-F94F-4219-975B-0FF1B0A7F8C0}.Debug|x86.ActiveCfg = Debug|x86
		{94928516-F94F-4219-975B-0FF1B0A7F8C0}.Debug|x86.Build.0 = Debug|x86
		{94928516-F94F-4219-975B-0FF1B0A7F8C0}.Release|Any CPU.ActiveCfg = Release|Any CPU
		{94928516-F94F-4219-975B-0FF1B0A7F8C0}.Release|Any CPU.Build.0 = Release|Any CPU
		{94928516-F94F-4219-975B-0FF1B0A7F8C0}.Release|x64.ActiveCfg = Release|x64
		{94928516-F94F-4219-975B-0FF1B0A7F8C0}.Release|x64.Build.0 = Release|x64
		{94928516-F94F-4219-975B-0FF1B0A7F8C0}.Release|x86.ActiveCfg = Release|x86
		{94928516-F94F-4219-975B-0FF1B0A7F8C0}.Release|x86.Build.0 = Release|x86
	EndGlobalSection
	GlobalSection(NestedProjects) = preSolution
		{0F909AEF-FF31-442F-BD8B-31B613B66055} = {FAD541CB-A46C-4617-B8B1-2E095DE9CE10}
		{23FE493F-DE51-4842-81AB-46F25E83D4BF} = {FAD541CB-A46C-4617-B8B1-2E095DE9CE10}
		{C20144EF-BDEE-4D6F-B19B-B86AF7013617} = {FAD541CB-A46C-4617-B8B1-2E095DE9CE10}
		{A5A0840A-AAB3-4673-B006-8E85D58FC112} = {FAD541CB-A46C-4617-B8B1-2E095DE9CE10}
		{D9628EAF-12C7-402B-9A9C-BE8A06FC730E} = {FAD541CB-A46C-4617-B8B1-2E095DE9CE10}
		{6C838B07-873F-40EB-93E7-CF29013C4341} = {E0D497BA-9298-48A9-AA27-B72AC739FA5A}
		{34B74560-F99C-4034-885C-68C31BD9DF14} = {E0D497BA-9298-48A9-AA27-B72AC739FA5A}
		{253988EA-9D6E-4EE4-818B-FEAA0CA3E9F6} = {E0D497BA-9298-48A9-AA27-B72AC739FA5A}
		{230B3BEA-07D6-44BB-BF7F-EF284FF68D00} = {E0D497BA-9298-48A9-AA27-B72AC739FA5A}
		{94928516-F94F-4219-975B-0FF1B0A7F8C0} = {E0D497BA-9298-48A9-AA27-B72AC739FA5A}
	EndGlobalSection
EndGlobal
