
Microsoft Visual Studio Solution File, Format Version 12.00
# Visual Studio Version 16
VisualStudioVersion = 16.0.30104.148
MinimumVisualStudioVersion = 10.0.40219.1
Project("{9A19103F-16F7-4668-BE54-9A1E7A4F7556}") = "ACE.Server", "ACE.Server\ACE.Server.csproj", "{943276B8-1DCC-48C6-A98D-692D60F53E43}"
EndProject
Project("{2150E333-8FDC-42A3-9474-1A3956D46DE8}") = "root items", "root items", "{1BA67CED-4F8D-433A-90E1-9871DD6A31EF}"
	ProjectSection(SolutionItems) = preProject
		..\.editorconfig = ..\.editorconfig
		..\.gitattributes = ..\.gitattributes
		..\.gitignore = ..\.gitignore
		..\appveyor.yml = ..\appveyor.yml
		..\changelog.md = ..\changelog.md
		..\CODE_OF_CONDUCT.md = ..\CODE_OF_CONDUCT.md
		..\Git 101.md = ..\Git 101.md
		..\LICENSE = ..\LICENSE
		..\README.md = ..\README.md
	EndProjectSection
EndProject
Project("{2150E333-8FDC-42A3-9474-1A3956D46DE8}") = "AppVeyor", "AppVeyor", "{27B511EF-7B73-4345-AF4D-9C44DB478080}"
	ProjectSection(SolutionItems) = preProject
		..\AppVeyor\AppVeyorAfterCompile.bat = ..\AppVeyor\AppVeyorAfterCompile.bat
		..\AppVeyor\AppVeyorAfterDeploy.bat = ..\AppVeyor\AppVeyorAfterDeploy.bat
		..\AppVeyor\AppVeyorBeforeCompile.bat = ..\AppVeyor\AppVeyorBeforeCompile.bat
		..\AppVeyor\AppVeyorBeforePackage.bat = ..\AppVeyor\AppVeyorBeforePackage.bat
		..\AppVeyor\AppVeyorTestScript.bat = ..\AppVeyor\AppVeyorTestScript.bat
		..\AppVeyor\Config.js = ..\AppVeyor\Config.js
		..\AppVeyor\DownloadACEWorld.bat = ..\AppVeyor\DownloadACEWorld.bat
		..\AppVeyor\launcher_config.json = ..\AppVeyor\launcher_config.json
		..\AppVeyor\MySqlInstall.bat = ..\AppVeyor\MySqlInstall.bat
	EndProjectSection
EndProject
Project("{2150E333-8FDC-42A3-9474-1A3956D46DE8}") = "Solution Items", "Solution Items", "{4B0075B4-AC3B-4A20-901E-8D8F3C8C65CF}"
	ProjectSection(SolutionItems) = preProject
		.vsconfig = .vsconfig
		global.json = global.json
		Settings.StyleCop = Settings.StyleCop
		test.runsettings = test.runsettings
	EndProjectSection
EndProject
Project("{9A19103F-16F7-4668-BE54-9A1E7A4F7556}") = "ACE.Common", "ACE.Common\ACE.Common.csproj", "{D50B690B-0664-48BD-9D5A-B26B0D869D63}"
EndProject
Project("{9A19103F-16F7-4668-BE54-9A1E7A4F7556}") = "ACE.Entity", "ACE.Entity\ACE.Entity.csproj", "{90DE28A4-A3E6-4A38-B96D-07B4D7AB1F60}"
EndProject
Project("{9A19103F-16F7-4668-BE54-9A1E7A4F7556}") = "ACE.DatLoader", "ACE.DatLoader\ACE.DatLoader.csproj", "{3949C280-2162-4465-A688-1F598DD9A18D}"
EndProject
Project("{9A19103F-16F7-4668-BE54-9A1E7A4F7556}") = "ACE.DatLoader.Tests", "ACE.DatLoader.Tests\ACE.DatLoader.Tests.csproj", "{ECB8AA6F-61A5-430D-A698-8C9233AF8B27}"
EndProject
Project("{9A19103F-16F7-4668-BE54-9A1E7A4F7556}") = "ACE.Server.Tests", "ACE.Server.Tests\ACE.Server.Tests.csproj", "{3FA44AE5-D8A9-46BC-9052-B4737F5634AB}"
EndProject
Project("{9A19103F-16F7-4668-BE54-9A1E7A4F7556}") = "ACE.Database.Tests", "ACE.Database.Tests\ACE.Database.Tests.csproj", "{95628269-1C41-45D5-A6F5-018A1E49C501}"
EndProject
Project("{9A19103F-16F7-4668-BE54-9A1E7A4F7556}") = "ACE.Database", "ACE.Database\ACE.Database.csproj", "{CD2B6DEE-6809-458A-B45A-E0B0BD1308FE}"
EndProject
Project("{9A19103F-16F7-4668-BE54-9A1E7A4F7556}") = "ACE.Adapter", "ACE.Adapter\ACE.Adapter.csproj", "{3C925D75-B149-4898-8806-054D3E63A4BE}"
EndProject
Project("{2150E333-8FDC-42A3-9474-1A3956D46DE8}") = "Docker", "Docker", "{60DC64AE-6588-4FCA-955A-76F4512749BD}"
	ProjectSection(SolutionItems) = preProject
		..\docker-compose.arm64 = ..\docker-compose.arm64
		..\docker-compose.yml = ..\docker-compose.yml
		..\docker.env = ..\docker.env
		..\Dockerfile = ..\Dockerfile
		..\Dockerfile.arm64 = ..\Dockerfile.arm64
	EndProjectSection
EndProject
Global
	GlobalSection(SolutionConfigurationPlatforms) = preSolution
		Debug|x64 = Debug|x64
		Release|x64 = Release|x64
	EndGlobalSection
	GlobalSection(ProjectConfigurationPlatforms) = postSolution
		{943276B8-1DCC-48C6-A98D-692D60F53E43}.Debug|x64.ActiveCfg = Debug|x64
		{943276B8-1DCC-48C6-A98D-692D60F53E43}.Debug|x64.Build.0 = Debug|x64
		{943276B8-1DCC-48C6-A98D-692D60F53E43}.Release|x64.ActiveCfg = Release|x64
		{943276B8-1DCC-48C6-A98D-692D60F53E43}.Release|x64.Build.0 = Release|x64
		{D50B690B-0664-48BD-9D5A-B26B0D869D63}.Debug|x64.ActiveCfg = Debug|Any CPU
		{D50B690B-0664-48BD-9D5A-B26B0D869D63}.Debug|x64.Build.0 = Debug|Any CPU
		{D50B690B-0664-48BD-9D5A-B26B0D869D63}.Release|x64.ActiveCfg = Release|Any CPU
		{D50B690B-0664-48BD-9D5A-B26B0D869D63}.Release|x64.Build.0 = Release|Any CPU
		{90DE28A4-A3E6-4A38-B96D-07B4D7AB1F60}.Debug|x64.ActiveCfg = Debug|Any CPU
		{90DE28A4-A3E6-4A38-B96D-07B4D7AB1F60}.Debug|x64.Build.0 = Debug|Any CPU
		{90DE28A4-A3E6-4A38-B96D-07B4D7AB1F60}.Release|x64.ActiveCfg = Release|Any CPU
		{90DE28A4-A3E6-4A38-B96D-07B4D7AB1F60}.Release|x64.Build.0 = Release|Any CPU
		{3949C280-2162-4465-A688-1F598DD9A18D}.Debug|x64.ActiveCfg = Debug|Any CPU
		{3949C280-2162-4465-A688-1F598DD9A18D}.Debug|x64.Build.0 = Debug|Any CPU
		{3949C280-2162-4465-A688-1F598DD9A18D}.Release|x64.ActiveCfg = Release|Any CPU
		{3949C280-2162-4465-A688-1F598DD9A18D}.Release|x64.Build.0 = Release|Any CPU
		{ECB8AA6F-61A5-430D-A698-8C9233AF8B27}.Debug|x64.ActiveCfg = Debug|x64
		{ECB8AA6F-61A5-430D-A698-8C9233AF8B27}.Debug|x64.Build.0 = Debug|x64
		{ECB8AA6F-61A5-430D-A698-8C9233AF8B27}.Release|x64.ActiveCfg = Release|x64
		{ECB8AA6F-61A5-430D-A698-8C9233AF8B27}.Release|x64.Build.0 = Release|x64
		{3FA44AE5-D8A9-46BC-9052-B4737F5634AB}.Debug|x64.ActiveCfg = Debug|x64
		{3FA44AE5-D8A9-46BC-9052-B4737F5634AB}.Debug|x64.Build.0 = Debug|x64
		{3FA44AE5-D8A9-46BC-9052-B4737F5634AB}.Release|x64.ActiveCfg = Release|x64
		{3FA44AE5-D8A9-46BC-9052-B4737F5634AB}.Release|x64.Build.0 = Release|x64
		{95628269-1C41-45D5-A6F5-018A1E49C501}.Debug|x64.ActiveCfg = Debug|x64
		{95628269-1C41-45D5-A6F5-018A1E49C501}.Debug|x64.Build.0 = Debug|x64
		{95628269-1C41-45D5-A6F5-018A1E49C501}.Release|x64.ActiveCfg = Release|x64
		{95628269-1C41-45D5-A6F5-018A1E49C501}.Release|x64.Build.0 = Release|x64
		{CD2B6DEE-6809-458A-B45A-E0B0BD1308FE}.Debug|x64.ActiveCfg = Debug|Any CPU
		{CD2B6DEE-6809-458A-B45A-E0B0BD1308FE}.Debug|x64.Build.0 = Debug|Any CPU
		{CD2B6DEE-6809-458A-B45A-E0B0BD1308FE}.Release|x64.ActiveCfg = Release|Any CPU
		{CD2B6DEE-6809-458A-B45A-E0B0BD1308FE}.Release|x64.Build.0 = Release|Any CPU
		{3C925D75-B149-4898-8806-054D3E63A4BE}.Debug|x64.ActiveCfg = Debug|Any CPU
		{3C925D75-B149-4898-8806-054D3E63A4BE}.Debug|x64.Build.0 = Debug|Any CPU
		{3C925D75-B149-4898-8806-054D3E63A4BE}.Release|x64.ActiveCfg = Release|Any CPU
		{3C925D75-B149-4898-8806-054D3E63A4BE}.Release|x64.Build.0 = Release|Any CPU
	EndGlobalSection
	GlobalSection(SolutionProperties) = preSolution
		HideSolutionNode = FALSE
	EndGlobalSection
	GlobalSection(ExtensibilityGlobals) = postSolution
		SolutionGuid = {39EA6A8F-01CB-4F9D-8505-0A5E4B0E2AB0}
	EndGlobalSection
EndGlobal
