
Microsoft Visual Studio Solution File, Format Version 12.00
# Visual Studio 15
VisualStudioVersion = 15.0.27004.2010
MinimumVisualStudioVersion = 10.0.40219.1
Project("{FAE04EC0-301F-11D3-BF4B-00C04F79EFBC}") = "ACE", "ACE\ACE.csproj", "{1CE9FC39-B920-4120-939D-1C0AA6FF017C}"
	ProjectSection(ProjectDependencies) = postProject
		{A4625C11-22BE-4D82-9A6C-63DCB5CAFFB6} = {A4625C11-22BE-4D82-9A6C-63DCB5CAFFB6}
		{21D1AA6D-7BEC-4EE5-B503-41E6E6F3480A} = {21D1AA6D-7BEC-4EE5-B503-41E6E6F3480A}
		{7CFA48D9-1B44-49A6-AFB4-D8BF1F1E545A} = {7CFA48D9-1B44-49A6-AFB4-D8BF1F1E545A}
	EndProjectSection
EndProject
Project("{FAE04EC0-301F-11D3-BF4B-00C04F79EFBC}") = "ACE.Database", "ACE.Database\ACE.Database.csproj", "{7CFA48D9-1B44-49A6-AFB4-D8BF1F1E545A}"
EndProject
Project("{FAE04EC0-301F-11D3-BF4B-00C04F79EFBC}") = "ACE.Database.Tests", "ACE.Database.Tests\ACE.Database.Tests.csproj", "{EA068F6C-458B-4584-9CFB-DE7096B8CF8D}"
EndProject
Project("{FAE04EC0-301F-11D3-BF4B-00C04F79EFBC}") = "ACE.DatLoader", "ACE.DatLoader\ACE.DatLoader.csproj", "{21D1AA6D-7BEC-4EE5-B503-41E6E6F3480A}"
EndProject
Project("{FAE04EC0-301F-11D3-BF4B-00C04F79EFBC}") = "ACE.DatLoader.Tests", "ACE.DatLoader.Tests\ACE.DatLoader.Tests.csproj", "{099DAC65-CB36-43CD-A7D7-6DEADA862299}"
EndProject
Project("{2150E333-8FDC-42A3-9474-1A3956D46DE8}") = "root items", "root items", "{1BA67CED-4F8D-433A-90E1-9871DD6A31EF}"
	ProjectSection(SolutionItems) = preProject
		..\appveyor.yml = ..\appveyor.yml
		..\changelog.md = ..\changelog.md
		..\README.md = ..\README.md
	EndProjectSection
EndProject
Project("{2150E333-8FDC-42A3-9474-1A3956D46DE8}") = "AppVeyor", "AppVeyor", "{27B511EF-7B73-4345-AF4D-9C44DB478080}"
	ProjectSection(SolutionItems) = preProject
		AppVeyor\AppVeyorBeforeCompile.bat = AppVeyor\AppVeyorBeforeCompile.bat
		AppVeyor\Config.json = AppVeyor\Config.json
		AppVeyor\launcher_config.json = AppVeyor\launcher_config.json
		AppVeyor\MySqlInstall.bat = AppVeyor\MySqlInstall.bat
	EndProjectSection
EndProject
Project("{2150E333-8FDC-42A3-9474-1A3956D46DE8}") = "Solution Items", "Solution Items", "{4B0075B4-AC3B-4A20-901E-8D8F3C8C65CF}"
	ProjectSection(SolutionItems) = preProject
		..\.gitignore = ..\.gitignore
		Settings.StyleCop = Settings.StyleCop
		test.runsettings = test.runsettings
	EndProjectSection
EndProject
Project("{FAE04EC0-301F-11D3-BF4B-00C04F79EFBC}") = "ACE.Tests", "ACE.Tests\ACE.Tests.csproj", "{D8EE6B89-EA54-4F84-988E-BF323C3662C5}"
EndProject
Project("{FAE04EC0-301F-11D3-BF4B-00C04F79EFBC}") = "ACE.Diagnostics", "ACE.Diagnostics\ACE.Diagnostics.csproj", "{A4625C11-22BE-4D82-9A6C-63DCB5CAFFB6}"
EndProject
Project("{FAE04EC0-301F-11D3-BF4B-00C04F79EFBC}") = "ACE.Web", "ACE.Web\ACE.Web.csproj", "{5616F46B-1046-416A-BE63-A193CE10F80E}"
EndProject
Project("{FAE04EC0-301F-11D3-BF4B-00C04F79EFBC}") = "ACE.Api", "ACE.Api\ACE.Api.csproj", "{6D4CAAAD-0115-4ABC-A422-7036259AB4D1}"
EndProject
Project("{FAE04EC0-301F-11D3-BF4B-00C04F79EFBC}") = "ACE.Api.Common", "ACE.Api.Common\ACE.Api.Common.csproj", "{B2EA4504-0EE8-4F3E-A395-6EA0BFCE9D99}"
EndProject
Project("{FAE04EC0-301F-11D3-BF4B-00C04F79EFBC}") = "ACE.Api.Host", "ACE.Api.Host\ACE.Api.Host.csproj", "{F923DCEF-CB33-4918-AE1A-014A382209C1}"
EndProject
Project("{FAE04EC0-301F-11D3-BF4B-00C04F79EFBC}") = "ACE.AuthApi", "ACE.AuthApi\ACE.AuthApi.csproj", "{C8A9A1A9-06FD-4423-9697-E5274DE9F2E0}"
EndProject
Project("{FAE04EC0-301F-11D3-BF4B-00C04F79EFBC}") = "ACE.AuthApi.Host", "ACE.AuthApi.Host\ACE.AuthApi.Host.csproj", "{ADA9260F-9B43-4811-AC65-60D27E0B31EE}"
EndProject
Project("{FAE04EC0-301F-11D3-BF4B-00C04F79EFBC}") = "ACE.CmdLineLauncher", "ACE.CmdLineLauncher\ACE.CmdLineLauncher.csproj", "{2B978EE7-AA99-42D1-B85C-52A9D9432FC9}"
EndProject
Project("{2150E333-8FDC-42A3-9474-1A3956D46DE8}") = "API", "API", "{BE149555-793B-467C-83F6-DEF175903047}"
EndProject
Project("{FAE04EC0-301F-11D3-BF4B-00C04F79EFBC}") = "ACE.Common", "ACE.Common\ACE.Common.csproj", "{D50B690B-0664-48BD-9D5A-B26B0D869D63}"
EndProject
Project("{FAE04EC0-301F-11D3-BF4B-00C04F79EFBC}") = "ACE.Entity", "ACE.Entity\ACE.Entity.csproj", "{90DE28A4-A3E6-4A38-B96D-07B4D7AB1F60}"
EndProject
Global
	GlobalSection(SolutionConfigurationPlatforms) = preSolution
		Debug|x64 = Debug|x64
		Release|x64 = Release|x64
	EndGlobalSection
	GlobalSection(ProjectConfigurationPlatforms) = postSolution
		{1CE9FC39-B920-4120-939D-1C0AA6FF017C}.Debug|x64.ActiveCfg = Debug|x64
		{1CE9FC39-B920-4120-939D-1C0AA6FF017C}.Debug|x64.Build.0 = Debug|x64
		{1CE9FC39-B920-4120-939D-1C0AA6FF017C}.Release|x64.ActiveCfg = Release|x64
		{1CE9FC39-B920-4120-939D-1C0AA6FF017C}.Release|x64.Build.0 = Release|x64
		{7CFA48D9-1B44-49A6-AFB4-D8BF1F1E545A}.Debug|x64.ActiveCfg = Debug|x64
		{7CFA48D9-1B44-49A6-AFB4-D8BF1F1E545A}.Debug|x64.Build.0 = Debug|x64
		{7CFA48D9-1B44-49A6-AFB4-D8BF1F1E545A}.Release|x64.ActiveCfg = Release|x64
		{7CFA48D9-1B44-49A6-AFB4-D8BF1F1E545A}.Release|x64.Build.0 = Release|x64
		{EA068F6C-458B-4584-9CFB-DE7096B8CF8D}.Debug|x64.ActiveCfg = Debug|x64
		{EA068F6C-458B-4584-9CFB-DE7096B8CF8D}.Debug|x64.Build.0 = Debug|x64
		{EA068F6C-458B-4584-9CFB-DE7096B8CF8D}.Release|x64.ActiveCfg = Release|x64
		{EA068F6C-458B-4584-9CFB-DE7096B8CF8D}.Release|x64.Build.0 = Release|x64
		{21D1AA6D-7BEC-4EE5-B503-41E6E6F3480A}.Debug|x64.ActiveCfg = Debug|x64
		{21D1AA6D-7BEC-4EE5-B503-41E6E6F3480A}.Debug|x64.Build.0 = Debug|x64
		{21D1AA6D-7BEC-4EE5-B503-41E6E6F3480A}.Release|x64.ActiveCfg = Release|x64
		{21D1AA6D-7BEC-4EE5-B503-41E6E6F3480A}.Release|x64.Build.0 = Release|x64
		{099DAC65-CB36-43CD-A7D7-6DEADA862299}.Debug|x64.ActiveCfg = Debug|x64
		{099DAC65-CB36-43CD-A7D7-6DEADA862299}.Debug|x64.Build.0 = Debug|x64
		{099DAC65-CB36-43CD-A7D7-6DEADA862299}.Release|x64.ActiveCfg = Release|x64
		{099DAC65-CB36-43CD-A7D7-6DEADA862299}.Release|x64.Build.0 = Release|x64
		{D8EE6B89-EA54-4F84-988E-BF323C3662C5}.Debug|x64.ActiveCfg = Debug|x64
		{D8EE6B89-EA54-4F84-988E-BF323C3662C5}.Debug|x64.Build.0 = Debug|x64
		{D8EE6B89-EA54-4F84-988E-BF323C3662C5}.Release|x64.ActiveCfg = Release|x64
		{D8EE6B89-EA54-4F84-988E-BF323C3662C5}.Release|x64.Build.0 = Release|x64
		{A4625C11-22BE-4D82-9A6C-63DCB5CAFFB6}.Debug|x64.ActiveCfg = Debug|x64
		{A4625C11-22BE-4D82-9A6C-63DCB5CAFFB6}.Debug|x64.Build.0 = Debug|x64
		{A4625C11-22BE-4D82-9A6C-63DCB5CAFFB6}.Release|x64.ActiveCfg = Release|x64
		{A4625C11-22BE-4D82-9A6C-63DCB5CAFFB6}.Release|x64.Build.0 = Release|x64
		{5616F46B-1046-416A-BE63-A193CE10F80E}.Debug|x64.ActiveCfg = Debug|x64
		{5616F46B-1046-416A-BE63-A193CE10F80E}.Debug|x64.Build.0 = Debug|x64
		{5616F46B-1046-416A-BE63-A193CE10F80E}.Release|x64.ActiveCfg = Release|x64
		{5616F46B-1046-416A-BE63-A193CE10F80E}.Release|x64.Build.0 = Release|x64
		{6D4CAAAD-0115-4ABC-A422-7036259AB4D1}.Debug|x64.ActiveCfg = Debug|x64
		{6D4CAAAD-0115-4ABC-A422-7036259AB4D1}.Debug|x64.Build.0 = Debug|x64
		{6D4CAAAD-0115-4ABC-A422-7036259AB4D1}.Release|x64.ActiveCfg = Release|x64
		{6D4CAAAD-0115-4ABC-A422-7036259AB4D1}.Release|x64.Build.0 = Release|x64
		{B2EA4504-0EE8-4F3E-A395-6EA0BFCE9D99}.Debug|x64.ActiveCfg = Debug|x64
		{B2EA4504-0EE8-4F3E-A395-6EA0BFCE9D99}.Debug|x64.Build.0 = Debug|x64
		{B2EA4504-0EE8-4F3E-A395-6EA0BFCE9D99}.Release|x64.ActiveCfg = Release|x64
		{B2EA4504-0EE8-4F3E-A395-6EA0BFCE9D99}.Release|x64.Build.0 = Release|x64
		{F923DCEF-CB33-4918-AE1A-014A382209C1}.Debug|x64.ActiveCfg = Debug|x64
		{F923DCEF-CB33-4918-AE1A-014A382209C1}.Debug|x64.Build.0 = Debug|x64
		{F923DCEF-CB33-4918-AE1A-014A382209C1}.Release|x64.ActiveCfg = Release|x64
		{F923DCEF-CB33-4918-AE1A-014A382209C1}.Release|x64.Build.0 = Release|x64
		{C8A9A1A9-06FD-4423-9697-E5274DE9F2E0}.Debug|x64.ActiveCfg = Debug|x64
		{C8A9A1A9-06FD-4423-9697-E5274DE9F2E0}.Debug|x64.Build.0 = Debug|x64
		{C8A9A1A9-06FD-4423-9697-E5274DE9F2E0}.Release|x64.ActiveCfg = Release|x64
		{C8A9A1A9-06FD-4423-9697-E5274DE9F2E0}.Release|x64.Build.0 = Release|x64
		{ADA9260F-9B43-4811-AC65-60D27E0B31EE}.Debug|x64.ActiveCfg = Debug|x64
		{ADA9260F-9B43-4811-AC65-60D27E0B31EE}.Debug|x64.Build.0 = Debug|x64
		{ADA9260F-9B43-4811-AC65-60D27E0B31EE}.Release|x64.ActiveCfg = Release|x64
		{ADA9260F-9B43-4811-AC65-60D27E0B31EE}.Release|x64.Build.0 = Release|x64
		{2B978EE7-AA99-42D1-B85C-52A9D9432FC9}.Debug|x64.ActiveCfg = Debug|x64
		{2B978EE7-AA99-42D1-B85C-52A9D9432FC9}.Debug|x64.Build.0 = Debug|x64
		{2B978EE7-AA99-42D1-B85C-52A9D9432FC9}.Release|x64.ActiveCfg = Release|x64
		{2B978EE7-AA99-42D1-B85C-52A9D9432FC9}.Release|x64.Build.0 = Release|x64
		{D50B690B-0664-48BD-9D5A-B26B0D869D63}.Debug|x64.ActiveCfg = Debug|x64
		{D50B690B-0664-48BD-9D5A-B26B0D869D63}.Debug|x64.Build.0 = Debug|x64
		{D50B690B-0664-48BD-9D5A-B26B0D869D63}.Release|x64.ActiveCfg = Release|x64
		{D50B690B-0664-48BD-9D5A-B26B0D869D63}.Release|x64.Build.0 = Release|x64
		{90DE28A4-A3E6-4A38-B96D-07B4D7AB1F60}.Debug|x64.ActiveCfg = Debug|x64
		{90DE28A4-A3E6-4A38-B96D-07B4D7AB1F60}.Debug|x64.Build.0 = Debug|x64
		{90DE28A4-A3E6-4A38-B96D-07B4D7AB1F60}.Release|x64.ActiveCfg = Release|x64
		{90DE28A4-A3E6-4A38-B96D-07B4D7AB1F60}.Release|x64.Build.0 = Release|x64
	EndGlobalSection
	GlobalSection(SolutionProperties) = preSolution
		HideSolutionNode = FALSE
	EndGlobalSection
	GlobalSection(NestedProjects) = preSolution
		{6D4CAAAD-0115-4ABC-A422-7036259AB4D1} = {BE149555-793B-467C-83F6-DEF175903047}
		{B2EA4504-0EE8-4F3E-A395-6EA0BFCE9D99} = {BE149555-793B-467C-83F6-DEF175903047}
		{F923DCEF-CB33-4918-AE1A-014A382209C1} = {BE149555-793B-467C-83F6-DEF175903047}
		{C8A9A1A9-06FD-4423-9697-E5274DE9F2E0} = {BE149555-793B-467C-83F6-DEF175903047}
		{ADA9260F-9B43-4811-AC65-60D27E0B31EE} = {BE149555-793B-467C-83F6-DEF175903047}
	EndGlobalSection
	GlobalSection(ExtensibilityGlobals) = postSolution
		SolutionGuid = {39EA6A8F-01CB-4F9D-8505-0A5E4B0E2AB0}
	EndGlobalSection
EndGlobal
